
Microsoft Visual Studio Solution File, Format Version 12.00
# Visual Studio Version 17
VisualStudioVersion = 17.7.34221.43
MinimumVisualStudioVersion = 10.0.40219.1
Project("{FAE04EC0-301F-11D3-BF4B-00C04F79EFBC}") = "AdoNetModuleConsole", "AdoNetModuleConsole\AdoNetModuleConsole.csproj", "{D16DF144-58FA-4115-A95B-820B821288EF}"
EndProject
Project("{FAE04EC0-301F-11D3-BF4B-00C04F79EFBC}") = "AdoNetLib", "AdoNetLib\AdoNetLib.csproj", "{57427F98-793A-44A6-8225-4E83E5540B3B}"
EndProject
Global
	GlobalSection(SolutionConfigurationPlatforms) = preSolution
		Debug|Any CPU = Debug|Any CPU
		Release|Any CPU = Release|Any CPU
	EndGlobalSection
	GlobalSection(ProjectConfigurationPlatforms) = postSolution
		{D16DF144-58FA-4115-A95B-820B821288EF}.Debug|Any CPU.ActiveCfg = Debug|Any CPU
		{D16DF144-58FA-4115-A95B-820B821288EF}.Debug|Any CPU.Build.0 = Debug|Any CPU
		{D16DF144-58FA-4115-A95B-820B821288EF}.Release|Any CPU.ActiveCfg = Release|Any CPU
		{D16DF144-58FA-4115-A95B-820B821288EF}.Release|Any CPU.Build.0 = Release|Any CPU
		{57427F98-793A-44A6-8225-4E83E5540B3B}.Debug|Any CPU.ActiveCfg = Debug|Any CPU
		{57427F98-793A-44A6-8225-4E83E5540B3B}.Debug|Any CPU.Build.0 = Debug|Any CPU
		{57427F98-793A-44A6-8225-4E83E5540B3B}.Release|Any CPU.ActiveCfg = Release|Any CPU
		{57427F98-793A-44A6-8225-4E83E5540B3B}.Release|Any CPU.Build.0 = Release|Any CPU
	EndGlobalSection
	GlobalSection(SolutionProperties) = preSolution
		HideSolutionNode = FALSE
	EndGlobalSection
	GlobalSection(ExtensibilityGlobals) = postSolution
		SolutionGuid = {48C61CE8-84E4-426E-8764-09E7473F2E15}
	EndGlobalSection
EndGlobal
